PODS:
  - Flutter (1.0.0)
  - fluttertoast (0.0.2):
    - Flutter
    - Toast
  - libphonenumber_plugin (0.0.1):
    - Flutter
    - PhoneNumberKit
  - onesignal_flutter (5.2.9):
    - Flutter
    - OneSignalXCFramework (= 5.2.9)
  - OneSignalXCFramework (5.2.9):
    - OneSignalXCFramework/OneSignalComplete (= 5.2.9)
  - OneSignalXCFramework/OneSignal (5.2.9):
    - OneSignalXCFramework/OneSignalCore
    - OneSignalXCFramework/OneSignalExtension
    - OneSignalXCFramework/OneSignalLiveActivities
    - OneSignalXCFramework/OneSignalNotifications
    - OneSignalXCFramework/OneSignalOSCore
    - OneSignalXCFramework/OneSignalOutcomes
    - OneSignalXCFramework/OneSignalUser
  - OneSignalXCFramework/OneSignalComplete (5.2.9):
    - OneSignalXCFramework/OneSignal
    - OneSignalXCFramework/OneSignalInAppMessages
    - OneSignalXCFramework/OneSignalLocation
  - OneSignalXCFramework/OneSignalCore (5.2.9)
  - OneSignalXCFramework/OneSignalExtension (5.2.9):
    - OneSignalXCFramework/OneSignalCore
    - OneSignalXCFramework/OneSignalOutcomes
  - OneSignalXCFramework/OneSignalInAppMessages (5.2.9):
    - OneSignalXCFramework/OneSignalCore
    - OneSignalXCFramework/OneSignalNotifications
    - OneSignalXCFramework/OneSignalOSCore
    - OneSignalXCFramework/OneSignalOutcomes
    - OneSignalXCFramework/OneSignalUser
  - OneSignalXCFramework/OneSignalLiveActivities (5.2.9):
    - OneSignalXCFramework/OneSignalCore
    - OneSignalXCFramework/OneSignalOSCore
    - OneSignalXCFramework/OneSignalUser
  - OneSignalXCFramework/OneSignalLocation (5.2.9):
    - OneSignalXCFramework/OneSignalCore
    - OneSignalXCFramework/OneSignalNotifications
    - OneSignalXCFramework/OneSignalOSCore
    - OneSignalXCFramework/OneSignalUser
  - OneSignalXCFramework/OneSignalNotifications (5.2.9):
    - OneSignalXCFramework/OneSignalCore
    - OneSignalXCFramework/OneSignalExtension
    - OneSignalXCFramework/OneSignalOutcomes
  - OneSignalXCFramework/OneSignalOSCore (5.2.9):
    - OneSignalXCFramework/OneSignalCore
  - OneSignalXCFramework/OneSignalOutcomes (5.2.9):
    - OneSignalXCFramework/OneSignalCore
  - OneSignalXCFramework/OneSignalUser (5.2.9):
    - OneSignalXCFramework/OneSignalCore
    - OneSignalXCFramework/OneSignalNotifications
    - OneSignalXCFramework/OneSignalOSCore
    - OneSignalXCFramework/OneSignalOutcomes
  - path_provider_foundation (0.0.1):
    - Flutter
    - FlutterMacOS
  - PhoneNumberKit (3.8.0):
    - PhoneNumberKit/PhoneNumberKitCore (= 3.8.0)
    - PhoneNumberKit/UIKit (= 3.8.0)
  - PhoneNumberKit/PhoneNumberKitCore (3.8.0)
  - PhoneNumberKit/UIKit (3.8.0):
    - PhoneNumberKit/PhoneNumberKitCore
  - razorpay-pod (1.3.14)
  - razorpay_flutter (1.1.10):
    - Flutter
    - razorpay-pod
  - shared_preferences_foundation (0.0.1):
    - Flutter
    - FlutterMacOS
  - Stripe (23.30.0):
    - StripeApplePay (= 23.30.0)
    - StripeCore (= 23.30.0)
    - StripePayments (= 23.30.0)
    - StripePaymentsUI (= 23.30.0)
    - StripeUICore (= 23.30.0)
  - stripe_ios (0.0.1):
    - Flutter
    - Stripe (~> 23.30.0)
    - stripe_ios/stripe_ios (= 0.0.1)
    - stripe_ios/stripe_objc (= 0.0.1)
    - StripeApplePay (~> 23.30.0)
    - StripeFinancialConnections (~> 23.30.0)
    - StripePayments (~> 23.30.0)
    - StripePaymentSheet (~> 23.30.0)
    - StripePaymentsUI (~> 23.30.0)
  - stripe_ios/stripe_ios (0.0.1):
    - Flutter
    - Stripe (~> 23.30.0)
    - stripe_ios/stripe_objc
    - StripeApplePay (~> 23.30.0)
    - StripeFinancialConnections (~> 23.30.0)
    - StripePayments (~> 23.30.0)
    - StripePaymentSheet (~> 23.30.0)
    - StripePaymentsUI (~> 23.30.0)
  - stripe_ios/stripe_objc (0.0.1):
    - Flutter
    - Stripe (~> 23.30.0)
    - StripeApplePay (~> 23.30.0)
    - StripeFinancialConnections (~> 23.30.0)
    - StripePayments (~> 23.30.0)
    - StripePaymentSheet (~> 23.30.0)
    - StripePaymentsUI (~> 23.30.0)
  - StripeApplePay (23.30.0):
    - StripeCore (= 23.30.0)
  - StripeCore (23.30.0)
  - StripeFinancialConnections (23.30.0):
    - StripeCore (= 23.30.0)
    - StripeUICore (= 23.30.0)
  - StripePayments (23.30.0):
    - StripeCore (= 23.30.0)
    - StripePayments/Stripe3DS2 (= 23.30.0)
  - StripePayments/Stripe3DS2 (23.30.0):
    - StripeCore (= 23.30.0)
  - StripePaymentSheet (23.30.0):
    - StripeApplePay (= 23.30.0)
    - StripeCore (= 23.30.0)
    - StripePayments (= 23.30.0)
    - StripePaymentsUI (= 23.30.0)
  - StripePaymentsUI (23.30.0):
    - StripeCore (= 23.30.0)
    - StripePayments (= 23.30.0)
    - StripeUICore (= 23.30.0)
  - StripeUICore (23.30.0):
    - StripeCore (= 23.30.0)
  - Toast (4.1.1)
  - url_launcher_ios (0.0.1):
    - Flutter
  - webview_flutter_wkwebview (0.0.1):
    - Flutter
    - FlutterMacOS

DEPENDENCIES:
  - Flutter (from `Flutter`)
  - fluttertoast (from `.symlinks/plugins/fluttertoast/ios`)
  - libphonenumber_plugin (from `.symlinks/plugins/libphonenumber_plugin/ios`)
  - onesignal_flutter (from `.symlinks/plugins/onesignal_flutter/ios`)
  - path_provider_foundation (from `.symlinks/plugins/path_provider_foundation/darwin`)
  - PhoneNumberKit (~> 3.3)
  - razorpay_flutter (from `.symlinks/plugins/razorpay_flutter/ios`)
  - shared_preferences_foundation (from `.symlinks/plugins/shared_preferences_foundation/darwin`)
  - stripe_ios (from `.symlinks/plugins/stripe_ios/ios`)
  - url_launcher_ios (from `.symlinks/plugins/url_launcher_ios/ios`)
  - webview_flutter_wkwebview (from `.symlinks/plugins/webview_flutter_wkwebview/darwin`)

SPEC REPOS:
  trunk:
    - OneSignalXCFramework
    - PhoneNumberKit
    - razorpay-pod
    - Stripe
    - StripeApplePay
    - StripeCore
    - StripeFinancialConnections
    - StripePayments
    - StripePaymentSheet
    - StripePaymentsUI
    - StripeUICore
    - Toast

EXTERNAL SOURCES:
  Flutter:
    :path: Flutter
  fluttertoast:
    :path: ".symlinks/plugins/fluttertoast/ios"
  libphonenumber_plugin:
    :path: ".symlinks/plugins/libphonenumber_plugin/ios"
  onesignal_flutter:
    :path: ".symlinks/plugins/onesignal_flutter/ios"
  path_provider_foundation:
    :path: ".symlinks/plugins/path_provider_foundation/darwin"
  razorpay_flutter:
    :path: ".symlinks/plugins/razorpay_flutter/ios"
  shared_preferences_foundation:
    :path: ".symlinks/plugins/shared_preferences_foundation/darwin"
  stripe_ios:
    :path: ".symlinks/plugins/stripe_ios/ios"
  url_launcher_ios:
    :path: ".symlinks/plugins/url_launcher_ios/ios"
  webview_flutter_wkwebview:
    :path: ".symlinks/plugins/webview_flutter_wkwebview/darwin"

SPEC CHECKSUMS:
  Flutter: e0871f40cf51350855a761d2e70bf5af5b9b5de7
  fluttertoast: e9a18c7be5413da53898f660530c56f35edfba9c
  libphonenumber_plugin: 48bf4078546377eedaab4aa54978cd0f6fa23072
  onesignal_flutter: e6e49bb8537c6b9fe903765d2def24774843011c
  OneSignalXCFramework: f5b2a3c4f130e4c910ead7bb25bed7455e976fbf
  path_provider_foundation: 2b6b4c569c0fb62ec74538f866245ac84301af46
  PhoneNumberKit: ec00ab8cef5342c1dc49fadb99d23fa7e66cf0ef
  razorpay-pod: ffee2198928e2a5ed2556863af4db6b79722cea3
  razorpay_flutter: 84b3bfd206ae9c9c2a9ba585524a1b3d8102b6c1
  shared_preferences_foundation: fcdcbc04712aee1108ac7fda236f363274528f78
  Stripe: 9757efc154de1d9615cbea4836d590bc4034d3a4
  stripe_ios: 0f7c3610b692868bae78cd5c3c4c219f60bce891
  StripeApplePay: ca33933601302742623762157d587b79b942d073
  StripeCore: 2af250a2366ff2bbf64d4243c5f9bbf2a98b2aaf
  StripeFinancialConnections: 3ab1ef6182ec44e71c29e9a2100b663f9713ac20
  StripePayments: 658a16bd34d20c8185aa281866227b9e1743300e
  StripePaymentSheet: eac031f76d7fbb4f52df9b9c39be5be671ca4c07
  StripePaymentsUI: 7d7cffb2ecfc0d6b5ac3a4488c02893a5ff6cc77
  StripeUICore: bb102d453b1e1a10a37f810bc0a9aa0675fb17fd
  Toast: 1f5ea13423a1e6674c4abdac5be53587ae481c4e
  url_launcher_ios: 5334b05cef931de560670eeae103fd3e431ac3fe
  webview_flutter_wkwebview: a4af96a051138e28e29f60101d094683b9f82188

PODFILE CHECKSUM: edd1319afaab4ca4887c581dc74b779cdf5a695b

COCOAPODS: 1.16.2
